
Microsoft Visual Studio Solution File, Format Version 12.00
# Visual Studio Version 16
VisualStudioVersion = 16.0.31515.178
MinimumVisualStudioVersion = 10.0.40219.1
Project("{FAE04EC0-301F-11D3-BF4B-00C04F79EFBC}") = "ServidorPersona", "ServidorPersona.csproj", "{6883A7B6-FDC0-4FF3-AF76-0777A316C852}"
EndProject
Global
	GlobalSection(SolutionConfigurationPlatforms) = preSolution
		Debug|Any CPU = Debug|Any CPU
		Release|Any CPU = Release|Any CPU
	EndGlobalSection
	GlobalSection(ProjectConfigurationPlatforms) = postSolution
		{6883A7B6-FDC0-4FF3-AF76-0777A316C852}.Debug|Any CPU.ActiveCfg = Debug|Any CPU
		{6883A7B6-FDC0-4FF3-AF76-0777A316C852}.Debug|Any CPU.Build.0 = Debug|Any CPU
		{6883A7B6-FDC0-4FF3-AF76-0777A316C852}.Release|Any CPU.ActiveCfg = Release|Any CPU
		{6883A7B6-FDC0-4FF3-AF76-0777A316C852}.Release|Any CPU.Build.0 = Release|Any CPU
	EndGlobalSection
	GlobalSection(SolutionProperties) = preSolution
		HideSolutionNode = FALSE
	EndGlobalSection
	GlobalSection(ExtensibilityGlobals) = postSolution
		SolutionGuid = {8DB1E866-D334-4077-820D-80E6051F3CFC}
	EndGlobalSection
EndGlobal
